// !$*UTF8*$!
{
	archiveVersion = 1;
	classes = {
	};
	objectVersion = 50;
	objects = {

/* Begin PBXBuildFile section */
		711CAFA7246AA32500BC0820 /* AppDelegate.swift in Sources */ = {isa = PBXBuildFile; fileRef = 711CAFA6246AA32500BC0820 /* AppDelegate.swift */; };
		711CAFA9246AA32500BC0820 /* SceneDelegate.swift in Sources */ = {isa = PBXBuildFile; fileRef = 711CAFA8246AA32500BC0820 /* SceneDelegate.swift */; };
		711CAFAB246AA32500BC0820 /* ViewController.swift in Sources */ = {isa = PBXBuildFile; fileRef = 711CAFAA246AA32500BC0820 /* ViewController.swift */; };
		711CAFAE246AA32500BC0820 /* Main.storyboard in Resources */ = {isa = PBXBuildFile; fileRef = 711CAFAC246AA32500BC0820 /* Main.storyboard */; };
		711CAFB0246AA32800BC0820 /* Assets.xcassets in Resources */ = {isa = PBXBuildFile; fileRef = 711CAFAF246AA32800BC0820 /* Assets.xcassets */; };
		711CAFB3246AA32800BC0820 /* LaunchScreen.storyboard in Resources */ = {isa = PBXBuildFile; fileRef = 711CAFB1246AA32800BC0820 /* LaunchScreen.storyboard */; };
/* End PBXBuildFile section */

/* Begin PBXFileReference section */
		711CAFA3246AA32500BC0820 /* RxSwiftTodoApp.app */ = {isa = PBXFileReference; explicitFileType = wrapper.application; includeInIndex = 0; path = RxSwiftTodoApp.app; sourceTree = BUILT_PRODUCTS_DIR; };
		711CAFA6246AA32500BC0820 /* AppDelegate.swift */ = {isa = PBXFileReference; lastKnownFileType = sourcecode.swift; path = AppDelegate.swift; sourceTree = "<group>"; };
		711CAFA8246AA32500BC0820 /* SceneDelegate.swift */ = {isa = PBXFileReference; lastKnownFileType = sourcecode.swift; path = SceneDelegate.swift; sourceTree = "<group>"; };
		711CAFAA246AA32500BC0820 /* ViewController.swift */ = {isa = PBXFileReference; lastKnownFileType = sourcecode.swift; path = ViewController.swift; sourceTree = "<group>"; };
		711CAFAD246AA32500BC0820 /* Base */ = {isa = PBXFileReference; lastKnownFileType = file.storyboard; name = Base; path = Base.lproj/Main.storyboard; sourceTree = "<group>"; };
		711CAFAF246AA32800BC0820 /* Assets.xcassets */ = {isa = PBXFileReference; lastKnownFileType = folder.assetcatalog; path = Assets.xcassets; sourceTree = "<group>"; };
		711CAFB2246AA32800BC0820 /* Base */ = {isa = PBXFileReference; lastKnownFileType = file.storyboard; name = Base; path = Base.lproj/LaunchScreen.storyboard; sourceTree = "<group>"; };
		711CAFB4246AA32800BC0820 /* Info.plist */ = {isa = PBXFileReference; lastKnownFileType = text.plist.xml; path = Info.plist; sourceTree = "<group>"; };
/* End PBXFileReference section */

/* Begin PBXFrameworksBuildPhase section */
		711CAFA0246AA32500BC0820 /* Frameworks */ = {
			isa = PBXFrameworksBuildPhase;
			buildActionMask = 2147483647;
			files = (
			);
			runOnlyForDeploymentPostprocessing = 0;
		};
/* End PBXFrameworksBuildPhase section */

/* Begin PBXGroup section */
		711CAF9A246AA32500BC0820 = {
			isa = PBXGroup;
			children = (
				711CAFA5246AA32500BC0820 /* RxSwiftTodoApp */,
				711CAFA4246AA32500BC0820 /* Products */,
			);
			sourceTree = "<group>";
		};
		711CAFA4246AA32500BC0820 /* Products */ = {
			isa = PBXGroup;
			children = (
				711CAFA3246AA32500BC0820 /* RxSwiftTodoApp.app */,
			);
			name = Products;
			sourceTree = "<group>";
		};
		711CAFA5246AA32500BC0820 /* RxSwiftTodoApp */ = {
			isa = PBXGroup;
			children = (
				711CAFA6246AA32500BC0820 /* AppDelegate.swift */,
				711CAFA8246AA32500BC0820 /* SceneDelegate.swift */,
				711CAFAA246AA32500BC0820 /* ViewController.swift */,
				711CAFAC246AA32500BC0820 /* Main.storyboard */,
				711CAFAF246AA32800BC0820 /* Assets.xcassets */,
				711CAFB1246AA32800BC0820 /* LaunchScreen.storyboard */,
				711CAFB4246AA32800BC0820 /* Info.plist */,
			);
			path = RxSwiftTodoApp;
			sourceTree = "<group>";
		};
/* End PBXGroup section */

/* Begin PBXNativeTarget section */
		711CAFA2246AA32500BC0820 /* RxSwiftTodoApp */ = {
			isa = PBXNativeTarget;
			buildConfigurationList = 711CAFB7246AA32800BC0820 /* Build configuration list for PBXNativeTarget "RxSwiftTodoApp" */;
			buildPhases = (
				711CAF9F246AA32500BC0820 /* Sources */,
				711CAFA0246AA32500BC0820 /* Frameworks */,
				711CAFA1246AA32500BC0820 /* Resources */,
			);
			buildRules = (
			);
			dependencies = (
			);
			name = RxSwiftTodoApp;
			productName = RxSwiftTodoApp;
			productReference = 711CAFA3246AA32500BC0820 /* RxSwiftTodoApp.app */;
			productType = "com.apple.product-type.application";
		};
/* End PBXNativeTarget section */

/* Begin PBXProject section */
		711CAF9B246AA32500BC0820 /* Project object */ = {
			isa = PBXProject;
			attributes = {
				LastSwiftUpdateCheck = 1140;
				LastUpgradeCheck = 1140;
				ORGANIZATIONNAME = "井上知貴";
				TargetAttributes = {
					711CAFA2246AA32500BC0820 = {
						CreatedOnToolsVersion = 11.4;
					};
				};
			};
			buildConfigurationList = 711CAF9E246AA32500BC0820 /* Build configuration list for PBXProject "RxSwiftTodoApp" */;
			compatibilityVersion = "Xcode 9.3";
			developmentRegion = en;
			hasScannedForEncodings = 0;
			knownRegions = (
				en,
				Base,
			);
			mainGroup = 711CAF9A246AA32500BC0820;
			productRefGroup = 711CAFA4246AA32500BC0820 /* Products */;
			projectDirPath = "";
			projectRoot = "";
			targets = (
				711CAFA2246AA32500BC0820 /* RxSwiftTodoApp */,
			);
		};
/* End PBXProject section */

/* Begin PBXResourcesBuildPhase section */
		711CAFA1246AA32500BC0820 /* Resources */ = {
			isa = PBXResourcesBuildPhase;
			buildActionMask = 2147483647;
			files = (
				711CAFB3246AA32800BC0820 /* LaunchScreen.storyboard in Resources */,
				711CAFB0246AA32800BC0820 /* Assets.xcassets in Resources */,
				711CAFAE246AA32500BC0820 /* Main.storyboard in Resources */,
			);
			runOnlyForDeploymentPostprocessing = 0;
		};
/* End PBXResourcesBuildPhase section */

/* Begin PBXSourcesBuildPhase section */
		711CAF9F246AA32500BC0820 /* Sources */ = {
			isa = PBXSourcesBuildPhase;
			buildActionMask = 2147483647;
			files = (
				711CAFAB246AA32500BC0820 /* ViewController.swift in Sources */,
				711CAFA7246AA32500BC0820 /* AppDelegate.swift in Sources */,
				711CAFA9246AA32500BC0820 /* SceneDelegate.swift in Sources */,
			);
			runOnlyForDeploymentPostprocessing = 0;
		};
/* End PBXSourcesBuildPhase section */

/* Begin PBXVariantGroup section */
		711CAFAC246AA32500BC0820 /* Main.storyboard */ = {
			isa = PBXVariantGroup;
			children = (
				711CAFAD246AA32500BC0820 /* Base */,
			);
			name = Main.storyboard;
			sourceTree = "<group>";
		};
		711CAFB1246AA32800BC0820 /* LaunchScreen.storyboard */ = {
			isa = PBXVariantGroup;
			children = (
				711CAFB2246AA32800BC0820 /* Base */,
			);
			name = LaunchScreen.storyboard;
			sourceTree = "<group>";
		};
/* End PBXVariantGroup section */

/* Begin XCBuildConfiguration section */
		711CAFB5246AA32800BC0820 /* Debug */ = {
			isa = XCBuildConfiguration;
			buildSettings = {
				ALWAYS_SEARCH_USER_PATHS = NO;
				CLANG_ANALYZER_NONNULL = YES;
				CLANG_ANALYZER_NUMBER_OBJECT_CONVERSION = YES_AGGRESSIVE;
				CLANG_CXX_LANGUAGE_STANDARD = "gnu++14";
				CLANG_CXX_LIBRARY = "libc++";
				CLANG_ENABLE_MODULES = YES;
				CLANG_ENABLE_OBJC_ARC = YES;
				CLANG_ENABLE_OBJC_WEAK = YES;
				CLANG_WARN_BLOCK_CAPTURE_AUTORELEASING = YES;
				CLANG_WARN_BOOL_CONVERSION = YES;
				CLANG_WARN_COMMA = YES;
				CLANG_WARN_CONSTANT_CONVERSION = YES;
				CLANG_WARN_DEPRECATED_OBJC_IMPLEMENTATIONS = YES;
				CLANG_WARN_DIRECT_OBJC_ISA_USAGE = YES_ERROR;
				CLANG_WARN_DOCUMENTATION_COMMENTS = YES;
				CLANG_WARN_EMPTY_BODY = YES;
				CLANG_WARN_ENUM_CONVERSION = YES;
				CLANG_WARN_INFINITE_RECURSION = YES;
				CLANG_WARN_INT_CONVERSION = YES;
				CLANG_WARN_NON_LITERAL_NULL_CONVERSION = YES;
				CLANG_WARN_OBJC_IMPLICIT_RETAIN_SELF = YES;
				CLANG_WARN_OBJC_LITERAL_CONVERSION = YES;
				CLANG_WARN_OBJC_ROOT_CLASS = YES_ERROR;
				CLANG_WARN_RANGE_LOOP_ANALYSIS = YES;
				CLANG_WARN_STRICT_PROTOTYPES = YES;
				CLANG_WARN_SUSPICIOUS_MOVE = YES;
				CLANG_WARN_UNGUARDED_AVAILABILITY = YES_AGGRESSIVE;
				CLANG_WARN_UNREACHABLE_CODE = YES;
				CLANG_WARN__DUPLICATE_METHOD_MATCH = YES;
				COPY_PHASE_STRIP = NO;
				DEBUG_INFORMATION_FORMAT = dwarf;
				ENABLE_STRICT_OBJC_MSGSEND = YES;
				ENABLE_TESTABILITY = YES;
				GCC_C_LANGUAGE_STANDARD = gnu11;
				GCC_DYNAMIC_NO_PIC = NO;
				GCC_NO_COMMON_BLOCKS = YES;
				GCC_OPTIMIZATION_LEVEL = 0;
				GCC_PREPROCESSOR_DEFINITIONS = (
					"DEBUG=1",
					"$(inherited)",
				);
				GCC_WARN_64_TO_32_BIT_CONVERSION = YES;
				GCC_WARN_ABOUT_RETURN_TYPE = YES_ERROR;
				GCC_WARN_UNDECLARED_SELECTOR = YES;
				GCC_WARN_UNINITIALIZED_AUTOS = YES_AGGRESSIVE;
				GCC_WARN_UNUSED_FUNCTION = YES;
				GCC_WARN_UNUSED_VARIABLE = YES;
				IPHONEOS_DEPLOYMENT_TARGET = 13.4;
				MTL_ENABLE_DEBUG_INFO = INCLUDE_SOURCE;
				MTL_FAST_MATH = YES;
				ONLY_ACTIVE_ARCH = YES;
				SDKROOT = iphoneos;
				SWIFT_ACTIVE_COMPILATION_CONDITIONS = DEBUG;
				SWIFT_OPTIMIZATION_LEVEL = "-Onone";
			};
			name = Debug;
		};
		711CAFB6246AA32800BC0820 /* Release */ = {
			isa = XCBuildConfiguration;
			buildSettings = {
				ALWAYS_SEARCH_USER_PATHS = NO;
				CLANG_ANALYZER_NONNULL = YES;
				CLANG_ANALYZER_NUMBER_OBJECT_CONVERSION = YES_AGGRESSIVE;
				CLANG_CXX_LANGUAGE_STANDARD = "gnu++14";
				CLANG_CXX_LIBRARY = "libc++";
				CLANG_ENABLE_MODULES = YES;
				CLANG_ENABLE_OBJC_ARC = YES;
				CLANG_ENABLE_OBJC_WEAK = YES;
				CLANG_WARN_BLOCK_CAPTURE_AUTORELEASING = YES;
				CLANG_WARN_BOOL_CONVERSION = YES;
				CLANG_WARN_COMMA = YES;
				CLANG_WARN_CONSTANT_CONVERSION = YES;
				CLANG_WARN_DEPRECATED_OBJC_IMPLEMENTATIONS = YES;
				CLANG_WARN_DIRECT_OBJC_ISA_USAGE = YES_ERROR;
				CLANG_WARN_DOCUMENTATION_COMMENTS = YES;
				CLANG_WARN_EMPTY_BODY = YES;
				CLANG_WARN_ENUM_CONVERSION = YES;
				CLANG_WARN_INFINITE_RECURSION = YES;
				CLANG_WARN_INT_CONVERSION = YES;
				CLANG_WARN_NON_LITERAL_NULL_CONVERSION = YES;
				CLANG_WARN_OBJC_IMPLICIT_RETAIN_SELF = YES;
				CLANG_WARN_OBJC_LITERAL_CONVERSION = YES;
				CLANG_WARN_OBJC_ROOT_CLASS = YES_ERROR;
				CLANG_WARN_RANGE_LOOP_ANALYSIS = YES;
				CLANG_WARN_STRICT_PROTOTYPES = YES;
				CLANG_WARN_SUSPICIOUS_MOVE = YES;
				CLANG_WARN_UNGUARDED_AVAILABILITY = YES_AGGRESSIVE;
				CLANG_WARN_UNREACHABLE_CODE = YES;
				CLANG_WARN__DUPLICATE_METHOD_MATCH = YES;
				COPY_PHASE_STRIP = NO;
				DEBUG_INFORMATION_FORMAT = "dwarf-with-dsym";
				ENABLE_NS_ASSERTIONS = NO;
				ENABLE_STRICT_OBJC_MSGSEND = YES;
				GCC_C_LANGUAGE_STANDARD = gnu11;
				GCC_NO_COMMON_BLOCKS = YES;
				GCC_WARN_64_TO_32_BIT_CONVERSION = YES;
				GCC_WARN_ABOUT_RETURN_TYPE = YES_ERROR;
				GCC_WARN_UNDECLARED_SELECTOR = YES;
				GCC_WARN_UNINITIALIZED_AUTOS = YES_AGGRESSIVE;
				GCC_WARN_UNUSED_FUNCTION = YES;
				GCC_WARN_UNUSED_VARIABLE = YES;
				IPHONEOS_DEPLOYMENT_TARGET = 13.4;
				MTL_ENABLE_DEBUG_INFO = NO;
				MTL_FAST_MATH = YES;
				SDKROOT = iphoneos;
				SWIFT_COMPILATION_MODE = wholemodule;
				SWIFT_OPTIMIZATION_LEVEL = "-O";
				VALIDATE_PRODUCT = YES;
			};
			name = Release;
		};
		711CAFB8246AA32800BC0820 /* Debug */ = {
			isa = XCBuildConfiguration;
			buildSettings = {
				ASSETCATALOG_COMPILER_APPICON_NAME = AppIcon;
				CODE_SIGN_STYLE = Automatic;
				DEVELOPMENT_TEAM = XBRQSUFLK4;
				INFOPLIST_FILE = RxSwiftTodoApp/Info.plist;
				LD_RUNPATH_SEARCH_PATHS = (
					"$(inherited)",
					"@executable_path/Frameworks",
				);
				PRODUCT_BUNDLE_IDENTIFIER = inoue.RxSwiftTodoApp;
				PRODUCT_NAME = "$(TARGET_NAME)";
				SWIFT_VERSION = 5.0;
				TARGETED_DEVICE_FAMILY = "1,2";
			};
			name = Debug;
		};
		711CAFB9246AA32800BC0820 /* Release */ = {
			isa = XCBuildConfiguration;
			buildSettings = {
				ASSETCATALOG_COMPILER_APPICON_NAME = AppIcon;
				CODE_SIGN_STYLE = Automatic;
				DEVELOPMENT_TEAM = XBRQSUFLK4;
				INFOPLIST_FILE = RxSwiftTodoApp/Info.plist;
				LD_RUNPATH_SEARCH_PATHS = (
					"$(inherited)",
					"@executable_path/Frameworks",
				);
				PRODUCT_BUNDLE_IDENTIFIER = inoue.RxSwiftTodoApp;
				PRODUCT_NAME = "$(TARGET_NAME)";
				SWIFT_VERSION = 5.0;
				TARGETED_DEVICE_FAMILY = "1,2";
			};
			name = Release;
		};
/* End XCBuildConfiguration section */

/* Begin XCConfigurationList section */
		711CAF9E246AA32500BC0820 /* Build configuration list for PBXProject "RxSwiftTodoApp" */ = {
			isa = XCConfigurationList;
			buildConfigurations = (
				711CAFB5246AA32800BC0820 /* Debug */,
				711CAFB6246AA32800BC0820 /* Release */,
			);
			defaultConfigurationIsVisible = 0;
			defaultConfigurationName = Release;
		};
		711CAFB7246AA32800BC0820 /* Build configuration list for PBXNativeTarget "RxSwiftTodoApp" */ = {
			isa = XCConfigurationList;
			buildConfigurations = (
				711CAFB8246AA32800BC0820 /* Debug */,
				711CAFB9246AA32800BC0820 /* Release */,
			);
			defaultConfigurationIsVisible = 0;
			defaultConfigurationName = Release;
		};
/* End XCConfigurationList section */
	};
	rootObject = 711CAF9B246AA32500BC0820 /* Project object */;
}
